// !$*UTF8*$!
{
	archiveVersion = 1;
	classes = {
	};
	objectVersion = 56;
	objects = {

/* Begin PBXBuildFile section */
		3C064D4E2B7ACB03005F26AA /* FootballSenseApp.swift in Sources */ = {isa = PBXBuildFile; fileRef = 3C064D4D2B7ACB03005F26AA /* FootballSenseApp.swift */; };
		3C064D502B7ACB03005F26AA /* ContentView.swift in Sources */ = {isa = PBXBuildFile; fileRef = 3C064D4F2B7ACB03005F26AA /* ContentView.swift */; };
		3C064D522B7ACB05005F26AA /* Assets.xcassets in Resources */ = {isa = PBXBuildFile; fileRef = 3C064D512B7ACB05005F26AA /* Assets.xcassets */; };
		3C064D552B7ACB05005F26AA /* Preview Assets.xcassets in Resources */ = {isa = PBXBuildFile; fileRef = 3C064D542B7ACB05005F26AA /* Preview Assets.xcassets */; };
		3C064D612B7AE61F005F26AA /* APIService.swift in Sources */ = {isa = PBXBuildFile; fileRef = 3C064D602B7AE61F005F26AA /* APIService.swift */; };
		3C064D662B7AF8A2005F26AA /* Kingfisher in Frameworks */ = {isa = PBXBuildFile; productRef = 3C064D652B7AF8A2005F26AA /* Kingfisher */; };
		3CCF3AD52B7D22B200D96413 /* LeaguesModel.swift in Sources */ = {isa = PBXBuildFile; fileRef = 3CCF3AD42B7D22B200D96413 /* LeaguesModel.swift */; };
		3CCF3AD92B7D60F900D96413 /* TeamsModel.swift in Sources */ = {isa = PBXBuildFile; fileRef = 3CCF3AD82B7D60F900D96413 /* TeamsModel.swift */; };
		3CCF3ADB2B7D618000D96413 /* APITeam.swift in Sources */ = {isa = PBXBuildFile; fileRef = 3CCF3ADA2B7D618000D96413 /* APITeam.swift */; };
		3CCF3ADD2B7D647600D96413 /* TeamListView.swift in Sources */ = {isa = PBXBuildFile; fileRef = 3CCF3ADC2B7D647600D96413 /* TeamListView.swift */; };
/* End PBXBuildFile section */

/* Begin PBXFileReference section */
		3C064D4A2B7ACB03005F26AA /* FootballSense.app */ = {isa = PBXFileReference; explicitFileType = wrapper.application; includeInIndex = 0; path = FootballSense.app; sourceTree = BUILT_PRODUCTS_DIR; };
		3C064D4D2B7ACB03005F26AA /* FootballSenseApp.swift */ = {isa = PBXFileReference; lastKnownFileType = sourcecode.swift; path = FootballSenseApp.swift; sourceTree = "<group>"; };
		3C064D4F2B7ACB03005F26AA /* ContentView.swift */ = {isa = PBXFileReference; lastKnownFileType = sourcecode.swift; path = ContentView.swift; sourceTree = "<group>"; };
		3C064D512B7ACB05005F26AA /* Assets.xcassets */ = {isa = PBXFileReference; lastKnownFileType = folder.assetcatalog; path = Assets.xcassets; sourceTree = "<group>"; };
		3C064D542B7ACB05005F26AA /* Preview Assets.xcassets */ = {isa = PBXFileReference; lastKnownFileType = folder.assetcatalog; path = "Preview Assets.xcassets"; sourceTree = "<group>"; };
		3C064D602B7AE61F005F26AA /* APIService.swift */ = {isa = PBXFileReference; lastKnownFileType = sourcecode.swift; path = APIService.swift; sourceTree = "<group>"; };
		3CCF3AD42B7D22B200D96413 /* LeaguesModel.swift */ = {isa = PBXFileReference; lastKnownFileType = sourcecode.swift; path = LeaguesModel.swift; sourceTree = "<group>"; };
		3CCF3AD82B7D60F900D96413 /* TeamsModel.swift */ = {isa = PBXFileReference; lastKnownFileType = sourcecode.swift; path = TeamsModel.swift; sourceTree = "<group>"; };
		3CCF3ADA2B7D618000D96413 /* APITeam.swift */ = {isa = PBXFileReference; lastKnownFileType = sourcecode.swift; path = APITeam.swift; sourceTree = "<group>"; };
		3CCF3ADC2B7D647600D96413 /* TeamListView.swift */ = {isa = PBXFileReference; lastKnownFileType = sourcecode.swift; path = TeamListView.swift; sourceTree = "<group>"; };
/* End PBXFileReference section */

/* Begin PBXFrameworksBuildPhase section */
		3C064D472B7ACB03005F26AA /* Frameworks */ = {
			isa = PBXFrameworksBuildPhase;
			buildActionMask = 2147483647;
			files = (
				3C064D662B7AF8A2005F26AA /* Kingfisher in Frameworks */,
			);
			runOnlyForDeploymentPostprocessing = 0;
		};
/* End PBXFrameworksBuildPhase section */

/* Begin PBXGroup section */
		3C064D412B7ACB03005F26AA = {
			isa = PBXGroup;
			children = (
				3C064D4C2B7ACB03005F26AA /* FootballSense */,
				3C064D4B2B7ACB03005F26AA /* Products */,
			);
			sourceTree = "<group>";
		};
		3C064D4B2B7ACB03005F26AA /* Products */ = {
			isa = PBXGroup;
			children = (
				3C064D4A2B7ACB03005F26AA /* FootballSense.app */,
			);
			name = Products;
			sourceTree = "<group>";
		};
		3C064D4C2B7ACB03005F26AA /* FootballSense */ = {
			isa = PBXGroup;
			children = (
				3C064D5F2B7AD11C005F26AA /* Models */,
				3C064D4D2B7ACB03005F26AA /* FootballSenseApp.swift */,
				3C064D4F2B7ACB03005F26AA /* ContentView.swift */,
				3CCF3ADC2B7D647600D96413 /* TeamListView.swift */,
				3C064D602B7AE61F005F26AA /* APIService.swift */,
				3CCF3ADA2B7D618000D96413 /* APITeam.swift */,
				3C064D512B7ACB05005F26AA /* Assets.xcassets */,
				3C064D532B7ACB05005F26AA /* Preview Content */,
			);
			path = FootballSense;
			sourceTree = "<group>";
		};
		3C064D532B7ACB05005F26AA /* Preview Content */ = {
			isa = PBXGroup;
			children = (
				3C064D542B7ACB05005F26AA /* Preview Assets.xcassets */,
			);
			path = "Preview Content";
			sourceTree = "<group>";
		};
		3C064D5F2B7AD11C005F26AA /* Models */ = {
			isa = PBXGroup;
			children = (
				3CCF3AD42B7D22B200D96413 /* LeaguesModel.swift */,
				3CCF3AD82B7D60F900D96413 /* TeamsModel.swift */,
			);
			path = Models;
			sourceTree = "<group>";
		};
/* End PBXGroup section */

/* Begin PBXNativeTarget section */
		3C064D492B7ACB03005F26AA /* FootballSense */ = {
			isa = PBXNativeTarget;
			buildConfigurationList = 3C064D582B7ACB05005F26AA /* Build configuration list for PBXNativeTarget "FootballSense" */;
			buildPhases = (
				3C064D462B7ACB03005F26AA /* Sources */,
				3C064D472B7ACB03005F26AA /* Frameworks */,
				3C064D482B7ACB03005F26AA /* Resources */,
			);
			buildRules = (
			);
			dependencies = (
			);
			name = FootballSense;
			packageProductDependencies = (
				3C064D652B7AF8A2005F26AA /* Kingfisher */,
			);
			productName = FootballSense;
			productReference = 3C064D4A2B7ACB03005F26AA /* FootballSense.app */;
			productType = "com.apple.product-type.application";
		};
/* End PBXNativeTarget section */

/* Begin PBXProject section */
		3C064D422B7ACB03005F26AA /* Project object */ = {
			isa = PBXProject;
			attributes = {
				BuildIndependentTargetsInParallel = 1;
				LastSwiftUpdateCheck = 1500;
				LastUpgradeCheck = 1500;
				TargetAttributes = {
					3C064D492B7ACB03005F26AA = {
						CreatedOnToolsVersion = 15.0;
					};
				};
			};
			buildConfigurationList = 3C064D452B7ACB03005F26AA /* Build configuration list for PBXProject "FootballSense" */;
			compatibilityVersion = "Xcode 14.0";
			developmentRegion = en;
			hasScannedForEncodings = 0;
			knownRegions = (
				en,
				Base,
			);
			mainGroup = 3C064D412B7ACB03005F26AA;
			packageReferences = (
				3C064D642B7AF8A2005F26AA /* XCRemoteSwiftPackageReference "Kingfisher" */,
			);
			productRefGroup = 3C064D4B2B7ACB03005F26AA /* Products */;
			projectDirPath = "";
			projectRoot = "";
			targets = (
				3C064D492B7ACB03005F26AA /* FootballSense */,
			);
		};
/* End PBXProject section */

/* Begin PBXResourcesBuildPhase section */
		3C064D482B7ACB03005F26AA /* Resources */ = {
			isa = PBXResourcesBuildPhase;
			buildActionMask = 2147483647;
			files = (
				3C064D552B7ACB05005F26AA /* Preview Assets.xcassets in Resources */,
				3C064D522B7ACB05005F26AA /* Assets.xcassets in Resources */,
			);
			runOnlyForDeploymentPostprocessing = 0;
		};
/* End PBXResourcesBuildPhase section */

/* Begin PBXSourcesBuildPhase section */
		3C064D462B7ACB03005F26AA /* Sources */ = {
			isa = PBXSourcesBuildPhase;
			buildActionMask = 2147483647;
			files = (
				3C064D502B7ACB03005F26AA /* ContentView.swift in Sources */,
				3CCF3AD92B7D60F900D96413 /* TeamsModel.swift in Sources */,
				3CCF3ADD2B7D647600D96413 /* TeamListView.swift in Sources */,
				3C064D612B7AE61F005F26AA /* APIService.swift in Sources */,
				3CCF3AD52B7D22B200D96413 /* LeaguesModel.swift in Sources */,
				3C064D4E2B7ACB03005F26AA /* FootballSenseApp.swift in Sources */,
				3CCF3ADB2B7D618000D96413 /* APITeam.swift in Sources */,
			);
			runOnlyForDeploymentPostprocessing = 0;
		};
/* End PBXSourcesBuildPhase section */

/* Begin XCBuildConfiguration section */
		3C064D562B7ACB05005F26AA /* Debug */ = {
			isa = XCBuildConfiguration;
			buildSettings = {
				ALWAYS_SEARCH_USER_PATHS = NO;
				ASSETCATALOG_COMPILER_GENERATE_SWIFT_ASSET_SYMBOL_EXTENSIONS = YES;
				CLANG_ANALYZER_NONNULL = YES;
				CLANG_ANALYZER_NUMBER_OBJECT_CONVERSION = YES_AGGRESSIVE;
				CLANG_CXX_LANGUAGE_STANDARD = "gnu++20";
				CLANG_ENABLE_MODULES = YES;
				CLANG_ENABLE_OBJC_ARC = YES;
				CLANG_ENABLE_OBJC_WEAK = YES;
				CLANG_WARN_BLOCK_CAPTURE_AUTORELEASING = YES;
				CLANG_WARN_BOOL_CONVERSION = YES;
				CLANG_WARN_COMMA = YES;
				CLANG_WARN_CONSTANT_CONVERSION = YES;
				CLANG_WARN_DEPRECATED_OBJC_IMPLEMENTATIONS = YES;
				CLANG_WARN_DIRECT_OBJC_ISA_USAGE = YES_ERROR;
				CLANG_WARN_DOCUMENTATION_COMMENTS = YES;
				CLANG_WARN_EMPTY_BODY = YES;
				CLANG_WARN_ENUM_CONVERSION = YES;
				CLANG_WARN_INFINITE_RECURSION = YES;
				CLANG_WARN_INT_CONVERSION = YES;
				CLANG_WARN_NON_LITERAL_NULL_CONVERSION = YES;
				CLANG_WARN_OBJC_IMPLICIT_RETAIN_SELF = YES;
				CLANG_WARN_OBJC_LITERAL_CONVERSION = YES;
				CLANG_WARN_OBJC_ROOT_CLASS = YES_ERROR;
				CLANG_WARN_QUOTED_INCLUDE_IN_FRAMEWORK_HEADER = YES;
				CLANG_WARN_RANGE_LOOP_ANALYSIS = YES;
				CLANG_WARN_STRICT_PROTOTYPES = YES;
				CLANG_WARN_SUSPICIOUS_MOVE = YES;
				CLANG_WARN_UNGUARDED_AVAILABILITY = YES_AGGRESSIVE;
				CLANG_WARN_UNREACHABLE_CODE = YES;
				CLANG_WARN__DUPLICATE_METHOD_MATCH = YES;
				COPY_PHASE_STRIP = NO;
				DEBUG_INFORMATION_FORMAT = dwarf;
				ENABLE_STRICT_OBJC_MSGSEND = YES;
				ENABLE_TESTABILITY = YES;
				ENABLE_USER_SCRIPT_SANDBOXING = YES;
				GCC_C_LANGUAGE_STANDARD = gnu17;
				GCC_DYNAMIC_NO_PIC = NO;
				GCC_NO_COMMON_BLOCKS = YES;
				GCC_OPTIMIZATION_LEVEL = 0;
				GCC_PREPROCESSOR_DEFINITIONS = (
					"DEBUG=1",
					"$(inherited)",
				);
				GCC_WARN_64_TO_32_BIT_CONVERSION = YES;
				GCC_WARN_ABOUT_RETURN_TYPE = YES_ERROR;
				GCC_WARN_UNDECLARED_SELECTOR = YES;
				GCC_WARN_UNINITIALIZED_AUTOS = YES_AGGRESSIVE;
				GCC_WARN_UNUSED_FUNCTION = YES;
				GCC_WARN_UNUSED_VARIABLE = YES;
				IPHONEOS_DEPLOYMENT_TARGET = 17.0;
				LOCALIZATION_PREFERS_STRING_CATALOGS = YES;
				MTL_ENABLE_DEBUG_INFO = INCLUDE_SOURCE;
				MTL_FAST_MATH = YES;
				ONLY_ACTIVE_ARCH = YES;
				SDKROOT = iphoneos;
				SWIFT_ACTIVE_COMPILATION_CONDITIONS = "DEBUG $(inherited)";
				SWIFT_OPTIMIZATION_LEVEL = "-Onone";
			};
			name = Debug;
		};
		3C064D572B7ACB05005F26AA /* Release */ = {
			isa = XCBuildConfiguration;
			buildSettings = {
				ALWAYS_SEARCH_USER_PATHS = NO;
				ASSETCATALOG_COMPILER_GENERATE_SWIFT_ASSET_SYMBOL_EXTENSIONS = YES;
				CLANG_ANALYZER_NONNULL = YES;
				CLANG_ANALYZER_NUMBER_OBJECT_CONVERSION = YES_AGGRESSIVE;
				CLANG_CXX_LANGUAGE_STANDARD = "gnu++20";
				CLANG_ENABLE_MODULES = YES;
				CLANG_ENABLE_OBJC_ARC = YES;
				CLANG_ENABLE_OBJC_WEAK = YES;
				CLANG_WARN_BLOCK_CAPTURE_AUTORELEASING = YES;
				CLANG_WARN_BOOL_CONVERSION = YES;
				CLANG_WARN_COMMA = YES;
				CLANG_WARN_CONSTANT_CONVERSION = YES;
				CLANG_WARN_DEPRECATED_OBJC_IMPLEMENTATIONS = YES;
				CLANG_WARN_DIRECT_OBJC_ISA_USAGE = YES_ERROR;
				CLANG_WARN_DOCUMENTATION_COMMENTS = YES;
				CLANG_WARN_EMPTY_BODY = YES;
				CLANG_WARN_ENUM_CONVERSION = YES;
				CLANG_WARN_INFINITE_RECURSION = YES;
				CLANG_WARN_INT_CONVERSION = YES;
				CLANG_WARN_NON_LITERAL_NULL_CONVERSION = YES;
				CLANG_WARN_OBJC_IMPLICIT_RETAIN_SELF = YES;
				CLANG_WARN_OBJC_LITERAL_CONVERSION = YES;
				CLANG_WARN_OBJC_ROOT_CLASS = YES_ERROR;
				CLANG_WARN_QUOTED_INCLUDE_IN_FRAMEWORK_HEADER = YES;
				CLANG_WARN_RANGE_LOOP_ANALYSIS = YES;
				CLANG_WARN_STRICT_PROTOTYPES = YES;
				CLANG_WARN_SUSPICIOUS_MOVE = YES;
				CLANG_WARN_UNGUARDED_AVAILABILITY = YES_AGGRESSIVE;
				CLANG_WARN_UNREACHABLE_CODE = YES;
				CLANG_WARN__DUPLICATE_METHOD_MATCH = YES;
				COPY_PHASE_STRIP = NO;
				DEBUG_INFORMATION_FORMAT = "dwarf-with-dsym";
				ENABLE_NS_ASSERTIONS = NO;
				ENABLE_STRICT_OBJC_MSGSEND = YES;
				ENABLE_USER_SCRIPT_SANDBOXING = YES;
				GCC_C_LANGUAGE_STANDARD = gnu17;
				GCC_NO_COMMON_BLOCKS = YES;
				GCC_WARN_64_TO_32_BIT_CONVERSION = YES;
				GCC_WARN_ABOUT_RETURN_TYPE = YES_ERROR;
				GCC_WARN_UNDECLARED_SELECTOR = YES;
				GCC_WARN_UNINITIALIZED_AUTOS = YES_AGGRESSIVE;
				GCC_WARN_UNUSED_FUNCTION = YES;
				GCC_WARN_UNUSED_VARIABLE = YES;
				IPHONEOS_DEPLOYMENT_TARGET = 17.0;
				LOCALIZATION_PREFERS_STRING_CATALOGS = YES;
				MTL_ENABLE_DEBUG_INFO = NO;
				MTL_FAST_MATH = YES;
				SDKROOT = iphoneos;
				SWIFT_COMPILATION_MODE = wholemodule;
				VALIDATE_PRODUCT = YES;
			};
			name = Release;
		};
		3C064D592B7ACB05005F26AA /* Debug */ = {
			isa = XCBuildConfiguration;
			buildSettings = {
				ASSETCATALOG_COMPILER_APPICON_NAME = AppIcon;
				ASSETCATALOG_COMPILER_GLOBAL_ACCENT_COLOR_NAME = AccentColor;
				CODE_SIGN_STYLE = Automatic;
				CURRENT_PROJECT_VERSION = 1;
				DEVELOPMENT_ASSET_PATHS = "\"FootballSense/Preview Content\"";
				DEVELOPMENT_TEAM = 2HXPHMZQZ7;
				ENABLE_PREVIEWS = YES;
				GENERATE_INFOPLIST_FILE = YES;
				INFOPLIST_KEY_UIApplicationSceneManifest_Generation = YES;
				INFOPLIST_KEY_UIApplicationSupportsIndirectInputEvents = YES;
				INFOPLIST_KEY_UILaunchScreen_Generation = YES;
				INFOPLIST_KEY_UISupportedInterfaceOrientations_iPad = "UIInterfaceOrientationPortrait UIInterfaceOrientationPortraitUpsideDown UIInterfaceOrientationLandscapeLeft UIInterfaceOrientationLandscapeRight";
				INFOPLIST_KEY_UISupportedInterfaceOrientations_iPhone = "UIInterfaceOrientationPortrait UIInterfaceOrientationLandscapeLeft UIInterfaceOrientationLandscapeRight";
				LD_RUNPATH_SEARCH_PATHS = (
					"$(inherited)",
					"@executable_path/Frameworks",
				);
				MARKETING_VERSION = 1.0;
				PRODUCT_BUNDLE_IDENTIFIER = me.albert.kenny.FootballSense;
				PRODUCT_NAME = "$(TARGET_NAME)";
				SWIFT_EMIT_LOC_STRINGS = YES;
				SWIFT_VERSION = 5.0;
				TARGETED_DEVICE_FAMILY = "1,2";
			};
			name = Debug;
		};
		3C064D5A2B7ACB05005F26AA /* Release */ = {
			isa = XCBuildConfiguration;
			buildSettings = {
				ASSETCATALOG_COMPILER_APPICON_NAME = AppIcon;
				ASSETCATALOG_COMPILER_GLOBAL_ACCENT_COLOR_NAME = AccentColor;
				CODE_SIGN_STYLE = Automatic;
				CURRENT_PROJECT_VERSION = 1;
				DEVELOPMENT_ASSET_PATHS = "\"FootballSense/Preview Content\"";
				DEVELOPMENT_TEAM = 2HXPHMZQZ7;
				ENABLE_PREVIEWS = YES;
				GENERATE_INFOPLIST_FILE = YES;
				INFOPLIST_KEY_UIApplicationSceneManifest_Generation = YES;
				INFOPLIST_KEY_UIApplicationSupportsIndirectInputEvents = YES;
				INFOPLIST_KEY_UILaunchScreen_Generation = YES;
				INFOPLIST_KEY_UISupportedInterfaceOrientations_iPad = "UIInterfaceOrientationPortrait UIInterfaceOrientationPortraitUpsideDown UIInterfaceOrientationLandscapeLeft UIInterfaceOrientationLandscapeRight";
				INFOPLIST_KEY_UISupportedInterfaceOrientations_iPhone = "UIInterfaceOrientationPortrait UIInterfaceOrientationLandscapeLeft UIInterfaceOrientationLandscapeRight";
				LD_RUNPATH_SEARCH_PATHS = (
					"$(inherited)",
					"@executable_path/Frameworks",
				);
				MARKETING_VERSION = 1.0;
				PRODUCT_BUNDLE_IDENTIFIER = me.albert.kenny.FootballSense;
				PRODUCT_NAME = "$(TARGET_NAME)";
				SWIFT_EMIT_LOC_STRINGS = YES;
				SWIFT_VERSION = 5.0;
				TARGETED_DEVICE_FAMILY = "1,2";
			};
			name = Release;
		};
/* End XCBuildConfiguration section */

/* Begin XCConfigurationList section */
		3C064D452B7ACB03005F26AA /* Build configuration list for PBXProject "FootballSense" */ = {
			isa = XCConfigurationList;
			buildConfigurations = (
				3C064D562B7ACB05005F26AA /* Debug */,
				3C064D572B7ACB05005F26AA /* Release */,
			);
			defaultConfigurationIsVisible = 0;
			defaultConfigurationName = Release;
		};
		3C064D582B7ACB05005F26AA /* Build configuration list for PBXNativeTarget "FootballSense" */ = {
			isa = XCConfigurationList;
			buildConfigurations = (
				3C064D592B7ACB05005F26AA /* Debug */,
				3C064D5A2B7ACB05005F26AA /* Release */,
			);
			defaultConfigurationIsVisible = 0;
			defaultConfigurationName = Release;
		};
/* End XCConfigurationList section */

/* Begin XCRemoteSwiftPackageReference section */
		3C064D642B7AF8A2005F26AA /* XCRemoteSwiftPackageReference "Kingfisher" */ = {
			isa = XCRemoteSwiftPackageReference;
			repositoryURL = "https://github.com/onevcat/Kingfisher.git";
			requirement = {
				kind = upToNextMajorVersion;
				minimumVersion = 7.11.0;
			};
		};
/* End XCRemoteSwiftPackageReference section */

/* Begin XCSwiftPackageProductDependency section */
		3C064D652B7AF8A2005F26AA /* Kingfisher */ = {
			isa = XCSwiftPackageProductDependency;
			package = 3C064D642B7AF8A2005F26AA /* XCRemoteSwiftPackageReference "Kingfisher" */;
			productName = Kingfisher;
		};
/* End XCSwiftPackageProductDependency section */
	};
	rootObject = 3C064D422B7ACB03005F26AA /* Project object */;
}
